{
  "nodes": {
    "nixpkgs": {
      "locked": {
        "lastModified": 1772525000,
        "narHash": "sha256-M7kpjimt0jdEQzmin6ptszf8ev7TVzibyZNSLaLquMM=",
        "type": "tarball",
        "url": "https://github.com/NixOS/nixpkgs/archive/refs/heads/nixpkgs-unstable.tar.gz"
      },
      "original": {
        "type": "tarball",
        "url": "https://github.com/NixOS/nixpkgs/archive/refs/heads/nixpkgs-unstable.tar.gz"
      }
    },
    "root": {
      "inputs": {
        "nixpkgs": "nixpkgs"
      }
    }
  },
  "root": "root",
  "version": 7
}
